
Microsoft Visual Studio Solution File, Format Version 12.00
# Visual Studio Version 17
VisualStudioVersion = 17.9.34701.34
MinimumVisualStudioVersion = 10.0.40219.1
Project("{FAE04EC0-301F-11D3-BF4B-00C04F79EFBC}") = "qno3", "qno3\qno3.csproj", "{1D195633-9A4E-49F5-8606-4C91C13D4F9A}"
EndProject
Global
	GlobalSection(SolutionConfigurationPlatforms) = preSolution
		Debug|Any CPU = Debug|Any CPU
		Release|Any CPU = Release|Any CPU
	EndGlobalSection
	GlobalSection(ProjectConfigurationPlatforms) = postSolution
		{1D195633-9A4E-49F5-8606-4C91C13D4F9A}.Debug|Any CPU.ActiveCfg = Debug|Any CPU
		{1D195633-9A4E-49F5-8606-4C91C13D4F9A}.Debug|Any CPU.Build.0 = Debug|Any CPU
		{1D195633-9A4E-49F5-8606-4C91C13D4F9A}.Release|Any CPU.ActiveCfg = Release|Any CPU
		{1D195633-9A4E-49F5-8606-4C91C13D4F9A}.Release|Any CPU.Build.0 = Release|Any CPU
	EndGlobalSection
	GlobalSection(SolutionProperties) = preSolution
		HideSolutionNode = FALSE
	EndGlobalSection
	GlobalSection(ExtensibilityGlobals) = postSolution
		SolutionGuid = {2FF3ACA1-56D4-45C6-B52A-A69DEE8C65AD}
	EndGlobalSection
EndGlobal
